// !$*UTF8*$!
{
	archiveVersion = 1;
	classes = {
	};
	objectVersion = 45;
	objects = {

/* Begin PBXBuildFile section */
		3834E95B102C856F00EBF10F /* sprite.c in Sources */ = {isa = PBXBuildFile; fileRef = 3834E95A102C856F00EBF10F /* sprite.c */; };
		384CFC8210247AF700CEB158 /* OpenGL.framework in Frameworks */ = {isa = PBXBuildFile; fileRef = 384CFC8110247AF700CEB158 /* OpenGL.framework */; };
		384CFCBA1024854400CEB158 /* Carbon.framework in Frameworks */ = {isa = PBXBuildFile; fileRef = 384CFCB91024854400CEB158 /* Carbon.framework */; };
		384CFCC01024855400CEB158 /* AGL.framework in Frameworks */ = {isa = PBXBuildFile; fileRef = 384CFCBF1024855400CEB158 /* AGL.framework */; };
		389C06BB10249B600006CF6E /* blitter.c in Sources */ = {isa = PBXBuildFile; fileRef = 389C06A910249B600006CF6E /* blitter.c */; };
		389C06BC10249B600006CF6E /* ciachip.c in Sources */ = {isa = PBXBuildFile; fileRef = 389C06AB10249B600006CF6E /* ciachip.c */; };
		389C06BD10249B600006CF6E /* copper.c in Sources */ = {isa = PBXBuildFile; fileRef = 389C06AE10249B600006CF6E /* copper.c */; };
		389C06BE10249B600006CF6E /* cpu.c in Sources */ = {isa = PBXBuildFile; fileRef = 389C06B010249B600006CF6E /* cpu.c */; };
		389C06BF10249B600006CF6E /* customchip.c in Sources */ = {isa = PBXBuildFile; fileRef = 389C06B210249B600006CF6E /* customchip.c */; };
		389C06C010249B600006CF6E /* display.c in Sources */ = {isa = PBXBuildFile; fileRef = 389C06B410249B600006CF6E /* display.c */; };
		389C06C110249B600006CF6E /* Info.plist in Resources */ = {isa = PBXBuildFile; fileRef = 389C06B610249B600006CF6E /* Info.plist */; };
		389C06C210249B600006CF6E /* main.c in Sources */ = {isa = PBXBuildFile; fileRef = 389C06B710249B600006CF6E /* main.c */; };
		389C06C310249B600006CF6E /* memory.c in Sources */ = {isa = PBXBuildFile; fileRef = 389C06B810249B600006CF6E /* memory.c */; };
		38BA4BE81031C4A80039A042 /* keyboard.c in Sources */ = {isa = PBXBuildFile; fileRef = 38BA4BE71031C4A80039A042 /* keyboard.c */; };
		38BDAC7810470BC3003FF5CD /* cpu_builder.c in Sources */ = {isa = PBXBuildFile; fileRef = 38BDAC7710470BC3003FF5CD /* cpu_builder.c */; };
		38D5910D1027430B00752082 /* disk.c in Sources */ = {isa = PBXBuildFile; fileRef = 38D5910C1027430B00752082 /* disk.c */; };
		8DD76FB00486AB0100D96B5E /* ami.1 in CopyFiles */ = {isa = PBXBuildFile; fileRef = C6A0FF2C0290799A04C91782 /* ami.1 */; };
/* End PBXBuildFile section */

/* Begin PBXContainerItemProxy section */
		38BDAC7210470B61003FF5CD /* PBXContainerItemProxy */ = {
			isa = PBXContainerItemProxy;
			containerPortal = 08FB7793FE84155DC02AAC07 /* Project object */;
			proxyType = 1;
			remoteGlobalIDString = 38BDAC5410470A12003FF5CD;
			remoteInfo = cpu_builder;
		};
/* End PBXContainerItemProxy section */

/* Begin PBXCopyFilesBuildPhase section */
		8DD76FAF0486AB0100D96B5E /* CopyFiles */ = {
			isa = PBXCopyFilesBuildPhase;
			buildActionMask = 8;
			dstPath = /usr/share/man/man1/;
			dstSubfolderSpec = 0;
			files = (
				8DD76FB00486AB0100D96B5E /* ami.1 in CopyFiles */,
			);
			runOnlyForDeploymentPostprocessing = 1;
		};
/* End PBXCopyFilesBuildPhase section */

/* Begin PBXFileReference section */
		3834E959102C856E00EBF10F /* sprite.h */ = {isa = PBXFileReference; fileEncoding = 4; lastKnownFileType = sourcecode.c.h; path = sprite.h; sourceTree = "<group>"; };
		3834E95A102C856F00EBF10F /* sprite.c */ = {isa = PBXFileReference; fileEncoding = 4; lastKnownFileType = sourcecode.c.c; path = sprite.c; sourceTree = "<group>"; };
		384CFC8110247AF700CEB158 /* OpenGL.framework */ = {isa = PBXFileReference; lastKnownFileType = wrapper.framework; name = OpenGL.framework; path = /System/Library/Frameworks/OpenGL.framework; sourceTree = "<absolute>"; };
		384CFCB91024854400CEB158 /* Carbon.framework */ = {isa = PBXFileReference; lastKnownFileType = wrapper.framework; name = Carbon.framework; path = /System/Library/Frameworks/Carbon.framework; sourceTree = "<absolute>"; };
		384CFCBF1024855400CEB158 /* AGL.framework */ = {isa = PBXFileReference; lastKnownFileType = wrapper.framework; name = AGL.framework; path = /System/Library/Frameworks/AGL.framework; sourceTree = "<absolute>"; };
		384CFCCA10248A4300CEB158 /* info.plist */ = {isa = PBXFileReference; fileEncoding = 4; lastKnownFileType = text.plist.xml; path = info.plist; sourceTree = "<group>"; };
		389C06A910249B600006CF6E /* blitter.c */ = {isa = PBXFileReference; fileEncoding = 4; lastKnownFileType = sourcecode.c.c; path = blitter.c; sourceTree = "<group>"; };
		389C06AA10249B600006CF6E /* blitter.h */ = {isa = PBXFileReference; fileEncoding = 4; lastKnownFileType = sourcecode.c.h; path = blitter.h; sourceTree = "<group>"; };
		389C06AB10249B600006CF6E /* ciachip.c */ = {isa = PBXFileReference; fileEncoding = 4; lastKnownFileType = sourcecode.c.c; path = ciachip.c; sourceTree = "<group>"; };
		389C06AC10249B600006CF6E /* ciachip.h */ = {isa = PBXFileReference; fileEncoding = 4; lastKnownFileType = sourcecode.c.h; path = ciachip.h; sourceTree = "<group>"; };
		389C06AD10249B600006CF6E /* config.h */ = {isa = PBXFileReference; fileEncoding = 4; lastKnownFileType = sourcecode.c.h; path = config.h; sourceTree = "<group>"; };
		389C06AE10249B600006CF6E /* copper.c */ = {isa = PBXFileReference; fileEncoding = 4; lastKnownFileType = sourcecode.c.c; path = copper.c; sourceTree = "<group>"; };
		389C06AF10249B600006CF6E /* copper.h */ = {isa = PBXFileReference; fileEncoding = 4; lastKnownFileType = sourcecode.c.h; path = copper.h; sourceTree = "<group>"; };
		389C06B010249B600006CF6E /* cpu.c */ = {isa = PBXFileReference; fileEncoding = 4; lastKnownFileType = sourcecode.c.c; path = cpu.c; sourceTree = "<group>"; };
		389C06B110249B600006CF6E /* cpu.h */ = {isa = PBXFileReference; fileEncoding = 4; lastKnownFileType = sourcecode.c.h; path = cpu.h; sourceTree = "<group>"; };
		389C06B210249B600006CF6E /* customchip.c */ = {isa = PBXFileReference; fileEncoding = 4; lastKnownFileType = sourcecode.c.c; path = customchip.c; sourceTree = "<group>"; };
		389C06B310249B600006CF6E /* customchip.h */ = {isa = PBXFileReference; fileEncoding = 4; lastKnownFileType = sourcecode.c.h; path = customchip.h; sourceTree = "<group>"; };
		389C06B410249B600006CF6E /* display.c */ = {isa = PBXFileReference; fileEncoding = 4; lastKnownFileType = sourcecode.c.c; path = display.c; sourceTree = "<group>"; };
		389C06B510249B600006CF6E /* display.h */ = {isa = PBXFileReference; fileEncoding = 4; lastKnownFileType = sourcecode.c.h; path = display.h; sourceTree = "<group>"; };
		389C06B610249B600006CF6E /* Info.plist */ = {isa = PBXFileReference; fileEncoding = 4; lastKnownFileType = text.plist.xml; path = Info.plist; sourceTree = "<group>"; };
		389C06B710249B600006CF6E /* main.c */ = {isa = PBXFileReference; fileEncoding = 4; lastKnownFileType = sourcecode.c.c; path = main.c; sourceTree = "<group>"; };
		389C06B810249B600006CF6E /* memory.c */ = {isa = PBXFileReference; fileEncoding = 4; lastKnownFileType = sourcecode.c.c; path = memory.c; sourceTree = "<group>"; };
		389C06B910249B600006CF6E /* memory.h */ = {isa = PBXFileReference; fileEncoding = 4; lastKnownFileType = sourcecode.c.h; path = memory.h; sourceTree = "<group>"; };
		389C06BA10249B600006CF6E /* mytypes.h */ = {isa = PBXFileReference; fileEncoding = 4; lastKnownFileType = sourcecode.c.h; path = mytypes.h; sourceTree = "<group>"; };
		38BA4BE61031C4A80039A042 /* keyboard.h */ = {isa = PBXFileReference; fileEncoding = 4; lastKnownFileType = sourcecode.c.h; path = keyboard.h; sourceTree = "<group>"; };
		38BA4BE71031C4A80039A042 /* keyboard.c */ = {isa = PBXFileReference; fileEncoding = 4; lastKnownFileType = sourcecode.c.c; path = keyboard.c; sourceTree = "<group>"; };
		38BDAC5510470A12003FF5CD /* cpu_builder */ = {isa = PBXFileReference; explicitFileType = "compiled.mach-o.executable"; includeInIndex = 0; path = cpu_builder; sourceTree = BUILT_PRODUCTS_DIR; };
		38BDAC7710470BC3003FF5CD /* cpu_builder.c */ = {isa = PBXFileReference; fileEncoding = 4; lastKnownFileType = sourcecode.c.c; path = cpu_builder.c; sourceTree = "<group>"; };
		38BDACAB10471C77003FF5CD /* cpu_builder_dissasemble.h */ = {isa = PBXFileReference; explicitFileType = sourcecode.c.h; fileEncoding = 4; path = cpu_builder_dissasemble.h; sourceTree = "<group>"; };
		38BDAD2A1047381F003FF5CD /* cpu_builder_opcode.h */ = {isa = PBXFileReference; fileEncoding = 4; lastKnownFileType = sourcecode.c.h; path = cpu_builder_opcode.h; sourceTree = "<group>"; };
		38D5910B1027430B00752082 /* disk.h */ = {isa = PBXFileReference; fileEncoding = 4; lastKnownFileType = sourcecode.c.h; path = disk.h; sourceTree = "<group>"; };
		38D5910C1027430B00752082 /* disk.c */ = {isa = PBXFileReference; fileEncoding = 4; lastKnownFileType = sourcecode.c.c; path = disk.c; sourceTree = "<group>"; };
		8DD76FB20486AB0100D96B5E /* ami */ = {isa = PBXFileReference; explicitFileType = "compiled.mach-o.executable"; includeInIndex = 0; path = ami; sourceTree = BUILT_PRODUCTS_DIR; };
		C6A0FF2C0290799A04C91782 /* ami.1 */ = {isa = PBXFileReference; lastKnownFileType = text.man; path = ami.1; sourceTree = "<group>"; };
/* End PBXFileReference section */

/* Begin PBXFrameworksBuildPhase section */
		38BDAC5310470A12003FF5CD /* Frameworks */ = {
			isa = PBXFrameworksBuildPhase;
			buildActionMask = 2147483647;
			files = (
			);
			runOnlyForDeploymentPostprocessing = 0;
		};
		8DD76FAD0486AB0100D96B5E /* Frameworks */ = {
			isa = PBXFrameworksBuildPhase;
			buildActionMask = 2147483647;
			files = (
				384CFC8210247AF700CEB158 /* OpenGL.framework in Frameworks */,
				384CFCBA1024854400CEB158 /* Carbon.framework in Frameworks */,
				384CFCC01024855400CEB158 /* AGL.framework in Frameworks */,
			);
			runOnlyForDeploymentPostprocessing = 0;
		};
/* End PBXFrameworksBuildPhase section */

/* Begin PBXGroup section */
		08FB7794FE84155DC02AAC07 /* ami */ = {
			isa = PBXGroup;
			children = (
				384CFCBF1024855400CEB158 /* AGL.framework */,
				384CFCB91024854400CEB158 /* Carbon.framework */,
				384CFC8110247AF700CEB158 /* OpenGL.framework */,
				08FB7795FE84155DC02AAC07 /* Source */,
				C6A0FF2B0290797F04C91782 /* Documentation */,
				1AB674ADFE9D54B511CA2CBB /* Products */,
				384CFCCA10248A4300CEB158 /* info.plist */,
			);
			name = ami;
			sourceTree = "<group>";
		};
		08FB7795FE84155DC02AAC07 /* Source */ = {
			isa = PBXGroup;
			children = (
				389C06A910249B600006CF6E /* blitter.c */,
				389C06AA10249B600006CF6E /* blitter.h */,
				389C06AB10249B600006CF6E /* ciachip.c */,
				389C06AC10249B600006CF6E /* ciachip.h */,
				389C06AD10249B600006CF6E /* config.h */,
				389C06AE10249B600006CF6E /* copper.c */,
				389C06AF10249B600006CF6E /* copper.h */,
				389C06B010249B600006CF6E /* cpu.c */,
				389C06B110249B600006CF6E /* cpu.h */,
				389C06B210249B600006CF6E /* customchip.c */,
				389C06B310249B600006CF6E /* customchip.h */,
				389C06B410249B600006CF6E /* display.c */,
				389C06B510249B600006CF6E /* display.h */,
				389C06B610249B600006CF6E /* Info.plist */,
				389C06B710249B600006CF6E /* main.c */,
				389C06B810249B600006CF6E /* memory.c */,
				389C06B910249B600006CF6E /* memory.h */,
				389C06BA10249B600006CF6E /* mytypes.h */,
				38D5910B1027430B00752082 /* disk.h */,
				38D5910C1027430B00752082 /* disk.c */,
				3834E959102C856E00EBF10F /* sprite.h */,
				3834E95A102C856F00EBF10F /* sprite.c */,
				38BA4BE61031C4A80039A042 /* keyboard.h */,
				38BA4BE71031C4A80039A042 /* keyboard.c */,
				38BDAC7710470BC3003FF5CD /* cpu_builder.c */,
				38BDACAB10471C77003FF5CD /* cpu_builder_dissasemble.h */,
				38BDAD2A1047381F003FF5CD /* cpu_builder_opcode.h */,
			);
			name = Source;
			sourceTree = "<group>";
		};
		1AB674ADFE9D54B511CA2CBB /* Products */ = {
			isa = PBXGroup;
			children = (
				8DD76FB20486AB0100D96B5E /* ami */,
				38BDAC5510470A12003FF5CD /* cpu_builder */,
			);
			name = Products;
			sourceTree = "<group>";
		};
		C6A0FF2B0290797F04C91782 /* Documentation */ = {
			isa = PBXGroup;
			children = (
				C6A0FF2C0290799A04C91782 /* ami.1 */,
			);
			name = Documentation;
			sourceTree = "<group>";
		};
/* End PBXGroup section */

/* Begin PBXNativeTarget section */
		38BDAC5410470A12003FF5CD /* cpu_builder */ = {
			isa = PBXNativeTarget;
			buildConfigurationList = 38BDAC5910470A34003FF5CD /* Build configuration list for PBXNativeTarget "cpu_builder" */;
			buildPhases = (
				38BDAC5210470A12003FF5CD /* Sources */,
				38BDAC5310470A12003FF5CD /* Frameworks */,
				38BDAC8210470CD9003FF5CD /* ShellScript */,
			);
			buildRules = (
			);
			dependencies = (
			);
			name = cpu_builder;
			productName = cpu_builder;
			productReference = 38BDAC5510470A12003FF5CD /* cpu_builder */;
			productType = "com.apple.product-type.tool";
		};
		8DD76FA90486AB0100D96B5E /* ami */ = {
			isa = PBXNativeTarget;
			buildConfigurationList = 1DEB928508733DD80010E9CD /* Build configuration list for PBXNativeTarget "ami" */;
			buildPhases = (
				8DD76FAB0486AB0100D96B5E /* Sources */,
				8DD76FAD0486AB0100D96B5E /* Frameworks */,
				8DD76FAF0486AB0100D96B5E /* CopyFiles */,
				3848863310248E98008333B0 /* Resources */,
			);
			buildRules = (
			);
			dependencies = (
				38BDAC7310470B61003FF5CD /* PBXTargetDependency */,
			);
			name = ami;
			productInstallPath = "$(HOME)/bin";
			productName = ami;
			productReference = 8DD76FB20486AB0100D96B5E /* ami */;
			productType = "com.apple.product-type.tool";
		};
/* End PBXNativeTarget section */

/* Begin PBXProject section */
		08FB7793FE84155DC02AAC07 /* Project object */ = {
			isa = PBXProject;
			buildConfigurationList = 1DEB928908733DD80010E9CD /* Build configuration list for PBXProject "ami" */;
			compatibilityVersion = "Xcode 3.1";
			hasScannedForEncodings = 1;
			mainGroup = 08FB7794FE84155DC02AAC07 /* ami */;
			projectDirPath = "";
			projectRoot = "";
			targets = (
				8DD76FA90486AB0100D96B5E /* ami */,
				38BDAC5410470A12003FF5CD /* cpu_builder */,
			);
		};
/* End PBXProject section */

/* Begin PBXResourcesBuildPhase section */
		3848863310248E98008333B0 /* Resources */ = {
			isa = PBXResourcesBuildPhase;
			buildActionMask = 2147483647;
			files = (
				389C06C110249B600006CF6E /* Info.plist in Resources */,
			);
			runOnlyForDeploymentPostprocessing = 0;
		};
/* End PBXResourcesBuildPhase section */

/* Begin PBXShellScriptBuildPhase section */
		38BDAC8210470CD9003FF5CD /* ShellScript */ = {
			isa = PBXShellScriptBuildPhase;
			buildActionMask = 2147483647;
			files = (
			);
			inputPaths = (
			);
			outputPaths = (
			);
			runOnlyForDeploymentPostprocessing = 0;
			shellPath = /bin/sh;
			shellScript = $TARGET_BUILD_DIR/cpu_builder;
		};
/* End PBXShellScriptBuildPhase section */

/* Begin PBXSourcesBuildPhase section */
		38BDAC5210470A12003FF5CD /* Sources */ = {
			isa = PBXSourcesBuildPhase;
			buildActionMask = 2147483647;
			files = (
				38BDAC7810470BC3003FF5CD /* cpu_builder.c in Sources */,
			);
			runOnlyForDeploymentPostprocessing = 0;
		};
		8DD76FAB0486AB0100D96B5E /* Sources */ = {
			isa = PBXSourcesBuildPhase;
			buildActionMask = 2147483647;
			files = (
				389C06BB10249B600006CF6E /* blitter.c in Sources */,
				389C06BC10249B600006CF6E /* ciachip.c in Sources */,
				389C06BD10249B600006CF6E /* copper.c in Sources */,
				389C06BE10249B600006CF6E /* cpu.c in Sources */,
				389C06BF10249B600006CF6E /* customchip.c in Sources */,
				389C06C010249B600006CF6E /* display.c in Sources */,
				389C06C210249B600006CF6E /* main.c in Sources */,
				389C06C310249B600006CF6E /* memory.c in Sources */,
				38D5910D1027430B00752082 /* disk.c in Sources */,
				3834E95B102C856F00EBF10F /* sprite.c in Sources */,
				38BA4BE81031C4A80039A042 /* keyboard.c in Sources */,
			);
			runOnlyForDeploymentPostprocessing = 0;
		};
/* End PBXSourcesBuildPhase section */

/* Begin PBXTargetDependency section */
		38BDAC7310470B61003FF5CD /* PBXTargetDependency */ = {
			isa = PBXTargetDependency;
			target = 38BDAC5410470A12003FF5CD /* cpu_builder */;
			targetProxy = 38BDAC7210470B61003FF5CD /* PBXContainerItemProxy */;
		};
/* End PBXTargetDependency section */

/* Begin XCBuildConfiguration section */
		1DEB928608733DD80010E9CD /* Debug */ = {
			isa = XCBuildConfiguration;
			buildSettings = {
				ALWAYS_SEARCH_USER_PATHS = NO;
				COPY_PHASE_STRIP = NO;
				GCC_DYNAMIC_NO_PIC = NO;
				GCC_ENABLE_FIX_AND_CONTINUE = YES;
				GCC_MODEL_TUNING = G5;
				GCC_OPTIMIZATION_LEVEL = 0;
				INSTALL_PATH = /usr/local/bin;
				PRODUCT_NAME = ami;
			};
			name = Debug;
		};
		1DEB928708733DD80010E9CD /* Release */ = {
			isa = XCBuildConfiguration;
			buildSettings = {
				ALWAYS_SEARCH_USER_PATHS = NO;
				DEBUG_INFORMATION_FORMAT = "dwarf-with-dsym";
				GCC_MODEL_TUNING = G5;
				INSTALL_PATH = /usr/local/bin;
				PRODUCT_NAME = ami;
			};
			name = Release;
		};
		1DEB928A08733DD80010E9CD /* Debug */ = {
			isa = XCBuildConfiguration;
			buildSettings = {
				ARCHS = "$(ARCHS_STANDARD_32_BIT)";
				COPY_PHASE_STRIP = NO;
				GCC_C_LANGUAGE_STANDARD = c99;
				GCC_OPTIMIZATION_LEVEL = 0;
				GCC_WARN_ABOUT_RETURN_TYPE = YES;
				GCC_WARN_UNUSED_VARIABLE = YES;
				GENERATE_PKGINFO_FILE = NO;
				INFOPLIST_FILE = info.plist;
				ONLY_ACTIVE_ARCH = YES;
				OTHER_LDFLAGS = "-lglfw";
				PREBINDING = NO;
				SDKROOT = macosx10.5;
				STRIP_INSTALLED_PRODUCT = NO;
			};
			name = Debug;
		};
		1DEB928B08733DD80010E9CD /* Release */ = {
			isa = XCBuildConfiguration;
			buildSettings = {
				ARCHS = "$(ARCHS_STANDARD_32_BIT)";
				GCC_C_LANGUAGE_STANDARD = c99;
				GCC_WARN_ABOUT_RETURN_TYPE = YES;
				GCC_WARN_UNUSED_VARIABLE = YES;
				GENERATE_PKGINFO_FILE = NO;
				INFOPLIST_FILE = info.plist;
				ONLY_ACTIVE_ARCH = YES;
				OTHER_LDFLAGS = "-lglfw";
				PREBINDING = NO;
				SDKROOT = macosx10.5;
			};
			name = Release;
		};
		38BDAC5710470A13003FF5CD /* Debug */ = {
			isa = XCBuildConfiguration;
			buildSettings = {
				ALWAYS_SEARCH_USER_PATHS = NO;
				COPY_PHASE_STRIP = NO;
				GCC_DYNAMIC_NO_PIC = NO;
				GCC_ENABLE_FIX_AND_CONTINUE = YES;
				GCC_MODEL_TUNING = G5;
				GCC_OPTIMIZATION_LEVEL = 0;
				INSTALL_PATH = /usr/local/bin;
				PREBINDING = NO;
				PRODUCT_NAME = cpu_builder;
			};
			name = Debug;
		};
		38BDAC5810470A13003FF5CD /* Release */ = {
			isa = XCBuildConfiguration;
			buildSettings = {
				ALWAYS_SEARCH_USER_PATHS = NO;
				COPY_PHASE_STRIP = YES;
				DEBUG_INFORMATION_FORMAT = "dwarf-with-dsym";
				GCC_ENABLE_FIX_AND_CONTINUE = NO;
				GCC_MODEL_TUNING = G5;
				INSTALL_PATH = /usr/local/bin;
				PREBINDING = NO;
				PRODUCT_NAME = cpu_builder;
				ZERO_LINK = NO;
			};
			name = Release;
		};
/* End XCBuildConfiguration section */

/* Begin XCConfigurationList section */
		1DEB928508733DD80010E9CD /* Build configuration list for PBXNativeTarget "ami" */ = {
			isa = XCConfigurationList;
			buildConfigurations = (
				1DEB928608733DD80010E9CD /* Debug */,
				1DEB928708733DD80010E9CD /* Release */,
			);
			defaultConfigurationIsVisible = 0;
			defaultConfigurationName = Release;
		};
		1DEB928908733DD80010E9CD /* Build configuration list for PBXProject "ami" */ = {
			isa = XCConfigurationList;
			buildConfigurations = (
				1DEB928A08733DD80010E9CD /* Debug */,
				1DEB928B08733DD80010E9CD /* Release */,
			);
			defaultConfigurationIsVisible = 0;
			defaultConfigurationName = Release;
		};
		38BDAC5910470A34003FF5CD /* Build configuration list for PBXNativeTarget "cpu_builder" */ = {
			isa = XCConfigurationList;
			buildConfigurations = (
				38BDAC5710470A13003FF5CD /* Debug */,
				38BDAC5810470A13003FF5CD /* Release */,
			);
			defaultConfigurationIsVisible = 0;
			defaultConfigurationName = Release;
		};
/* End XCConfigurationList section */
	};
	rootObject = 08FB7793FE84155DC02AAC07 /* Project object */;
}
